{
  "nodes": {
    "firefox-addons": {
      "inputs": {
        "flake-utils": "flake-utils",
        "nixpkgs": [
          "nixpkgs"
        ]
      },
      "locked": {
        "dir": "pkgs/firefox-addons",
        "lastModified": 1713326632,
        "narHash": "sha256-d07JLeaPgcJIHqNxr3lJh8wsqFh4xcszO8Klpxhd1h4=",
        "owner": "rycee",
        "repo": "nur-expressions",
        "rev": "39c9d5f7acc97ec5611988972dc6ae8573a14a5d",
        "type": "gitlab"
      },
      "original": {
        "dir": "pkgs/firefox-addons",
        "owner": "rycee",
        "repo": "nur-expressions",
        "type": "gitlab"
      }
    },
    "flake-utils": {
      "locked": {
        "lastModified": 1629284811,
        "narHash": "sha256-JHgasjPR0/J1J3DRm4KxM4zTyAj4IOJY8vIl75v/kPI=",
        "owner": "numtide",
        "repo": "flake-utils",
        "rev": "c5d161cc0af116a2e17f54316f0bf43f0819785c",
        "type": "github"
      },
      "original": {
        "owner": "numtide",
        "repo": "flake-utils",
        "type": "github"
      }
    },
    "home-manager": {
      "inputs": {
        "nixpkgs": [
          "nixpkgs"
        ]
      },
      "locked": {
        "lastModified": 1713294767,
        "narHash": "sha256-LmaabaQZdx52MPGKPRt9Opoc9Gd9RbwvCdysUUYQoXI=",
        "owner": "nix-community",
        "repo": "home-manager",
        "rev": "fa8c16e2452bf092ac76f09ee1fb1e9f7d0796e7",
        "type": "github"
      },
      "original": {
        "owner": "nix-community",
        "repo": "home-manager",
        "type": "github"
      }
    },
    "nixpkgs": {
      "locked": {
        "lastModified": 1713248628,
        "narHash": "sha256-NLznXB5AOnniUtZsyy/aPWOk8ussTuePp2acb9U+ISA=",
        "owner": "nixos",
        "repo": "nixpkgs",
        "rev": "5672bc9dbf9d88246ddab5ac454e82318d094bb8",
        "type": "github"
      },
      "original": {
        "owner": "nixos",
        "ref": "nixos-unstable",
        "repo": "nixpkgs",
        "type": "github"
      }
    },
    "root": {
      "inputs": {
        "firefox-addons": "firefox-addons",
        "home-manager": "home-manager",
        "nixpkgs": "nixpkgs"
      }
    }
  },
  "root": "root",
  "version": 7
}
