{
  "nodes": {
    "aquamarine": {
      "inputs": {
        "hyprutils": [
          "hyprland",
          "hyprutils"
        ],
        "hyprwayland-scanner": [
          "hyprland",
          "hyprwayland-scanner"
        ],
        "nixpkgs": [
          "hyprland",
          "nixpkgs"
        ],
        "systems": [
          "hyprland",
          "systems"
        ]
      },
      "locked": {
        "lastModified": 1726665257,
        "narHash": "sha256-rEzEZtd3iyVo5RJ1OGujOlnywNf3gsrOnjAn1NLciD4=",
        "owner": "hyprwm",
        "repo": "aquamarine",
        "rev": "752d0fbd141fabb5a1e7f865199b80e6e76f8d8e",
        "type": "github"
      },
      "original": {
        "owner": "hyprwm",
        "repo": "aquamarine",
        "type": "github"
      }
    },
    "disko": {
      "inputs": {
        "nixpkgs": [
          "nixpkgs"
        ]
      },
      "locked": {
        "lastModified": 1726842196,
        "narHash": "sha256-u9h03JQUuQJ607xmti9F9Eh6E96kKUAGP+aXWgwm70o=",
        "owner": "nix-community",
        "repo": "disko",
        "rev": "51994df8ba24d5db5459ccf17b6494643301ad28",
        "type": "github"
      },
      "original": {
        "owner": "nix-community",
        "repo": "disko",
        "type": "github"
      }
    },
    "firefox-addons": {
      "inputs": {
        "flake-utils": "flake-utils",
        "nixpkgs": [
          "nixpkgs"
        ]
      },
      "locked": {
        "dir": "pkgs/firefox-addons",
        "lastModified": 1726891391,
        "narHash": "sha256-o01/njm1G+5H5dJoHncIaO8Fu/jfSgu/0radj4LaHcE=",
        "owner": "rycee",
        "repo": "nur-expressions",
        "rev": "cecf006ed59b5e41a7ee3378f57ee3729e8a67bc",
        "type": "gitlab"
      },
      "original": {
        "dir": "pkgs/firefox-addons",
        "owner": "rycee",
        "repo": "nur-expressions",
        "type": "gitlab"
      }
    },
    "flake-compat": {
      "flake": false,
      "locked": {
        "lastModified": 1673956053,
        "narHash": "sha256-4gtG9iQuiKITOjNQQeQIpoIB6b16fm+504Ch3sNKLd8=",
        "owner": "edolstra",
        "repo": "flake-compat",
        "rev": "35bb57c0c8d8b62bbfd284272c928ceb64ddbde9",
        "type": "github"
      },
      "original": {
        "owner": "edolstra",
        "repo": "flake-compat",
        "type": "github"
      }
    },
    "flake-compat_2": {
      "flake": false,
      "locked": {
        "lastModified": 1696426674,
        "narHash": "sha256-kvjfFW7WAETZlt09AgDn1MrtKzP7t90Vf7vypd3OL1U=",
        "owner": "edolstra",
        "repo": "flake-compat",
        "rev": "0f9255e01c2351cc7d116c072cb317785dd33b33",
        "type": "github"
      },
      "original": {
        "owner": "edolstra",
        "repo": "flake-compat",
        "type": "github"
      }
    },
    "flake-compat_3": {
      "flake": false,
      "locked": {
        "lastModified": 1696426674,
        "narHash": "sha256-kvjfFW7WAETZlt09AgDn1MrtKzP7t90Vf7vypd3OL1U=",
        "owner": "edolstra",
        "repo": "flake-compat",
        "rev": "0f9255e01c2351cc7d116c072cb317785dd33b33",
        "type": "github"
      },
      "original": {
        "owner": "edolstra",
        "repo": "flake-compat",
        "type": "github"
      }
    },
    "flake-compat_4": {
      "flake": false,
      "locked": {
        "lastModified": 1696426674,
        "narHash": "sha256-kvjfFW7WAETZlt09AgDn1MrtKzP7t90Vf7vypd3OL1U=",
        "owner": "edolstra",
        "repo": "flake-compat",
        "rev": "0f9255e01c2351cc7d116c072cb317785dd33b33",
        "type": "github"
      },
      "original": {
        "owner": "edolstra",
        "repo": "flake-compat",
        "type": "github"
      }
    },
    "flake-compat_5": {
      "flake": false,
      "locked": {
        "lastModified": 1696426674,
        "narHash": "sha256-kvjfFW7WAETZlt09AgDn1MrtKzP7t90Vf7vypd3OL1U=",
        "owner": "edolstra",
        "repo": "flake-compat",
        "rev": "0f9255e01c2351cc7d116c072cb317785dd33b33",
        "type": "github"
      },
      "original": {
        "owner": "edolstra",
        "repo": "flake-compat",
        "type": "github"
      }
    },
    "flake-utils": {
      "locked": {
        "lastModified": 1629284811,
        "narHash": "sha256-JHgasjPR0/J1J3DRm4KxM4zTyAj4IOJY8vIl75v/kPI=",
        "owner": "numtide",
        "repo": "flake-utils",
        "rev": "c5d161cc0af116a2e17f54316f0bf43f0819785c",
        "type": "github"
      },
      "original": {
        "owner": "numtide",
        "repo": "flake-utils",
        "type": "github"
      }
    },
    "flake-utils_10": {
      "inputs": {
        "systems": "systems_10"
      },
      "locked": {
        "lastModified": 1710146030,
        "narHash": "sha256-SZ5L6eA7HJ/nmkzGG7/ISclqe6oZdOZTNoesiInkXPQ=",
        "owner": "numtide",
        "repo": "flake-utils",
        "rev": "b1d9ab70662946ef0850d488da1c9019f3a9752a",
        "type": "github"
      },
      "original": {
        "owner": "numtide",
        "repo": "flake-utils",
        "type": "github"
      }
    },
    "flake-utils_11": {
      "inputs": {
        "systems": "systems_11"
      },
      "locked": {
        "lastModified": 1705309234,
        "narHash": "sha256-uNRRNRKmJyCRC/8y1RqBkqWBLM034y4qN7EprSdmgyA=",
        "owner": "numtide",
        "repo": "flake-utils",
        "rev": "1ef2e671c3b0c19053962c07dbda38332dcebf26",
        "type": "github"
      },
      "original": {
        "owner": "numtide",
        "repo": "flake-utils",
        "type": "github"
      }
    },
    "flake-utils_2": {
      "inputs": {
        "systems": "systems"
      },
      "locked": {
        "lastModified": 1726560853,
        "narHash": "sha256-X6rJYSESBVr3hBoH0WbKE5KvhPU5bloyZ2L4K60/fPQ=",
        "owner": "numtide",
        "repo": "flake-utils",
        "rev": "c1dfcf08411b08f6b8615f7d8971a2bfa81d5e8a",
        "type": "github"
      },
      "original": {
        "id": "flake-utils",
        "type": "indirect"
      }
    },
    "flake-utils_3": {
      "inputs": {
        "systems": "systems_2"
      },
      "locked": {
        "lastModified": 1705309234,
        "narHash": "sha256-uNRRNRKmJyCRC/8y1RqBkqWBLM034y4qN7EprSdmgyA=",
        "owner": "numtide",
        "repo": "flake-utils",
        "rev": "1ef2e671c3b0c19053962c07dbda38332dcebf26",
        "type": "github"
      },
      "original": {
        "owner": "numtide",
        "repo": "flake-utils",
        "type": "github"
      }
    },
    "flake-utils_4": {
      "inputs": {
        "systems": "systems_4"
      },
      "locked": {
        "lastModified": 1681202837,
        "narHash": "sha256-H+Rh19JDwRtpVPAWp64F+rlEtxUWBAQW28eAi3SRSzg=",
        "owner": "numtide",
        "repo": "flake-utils",
        "rev": "cfacdce06f30d2b68473a46042957675eebb3401",
        "type": "github"
      },
      "original": {
        "owner": "numtide",
        "repo": "flake-utils",
        "type": "github"
      }
    },
    "flake-utils_5": {
      "inputs": {
        "systems": "systems_5"
      },
      "locked": {
        "lastModified": 1710146030,
        "narHash": "sha256-SZ5L6eA7HJ/nmkzGG7/ISclqe6oZdOZTNoesiInkXPQ=",
        "owner": "numtide",
        "repo": "flake-utils",
        "rev": "b1d9ab70662946ef0850d488da1c9019f3a9752a",
        "type": "github"
      },
      "original": {
        "id": "flake-utils",
        "type": "indirect"
      }
    },
    "flake-utils_6": {
      "inputs": {
        "systems": "systems_6"
      },
      "locked": {
        "lastModified": 1705309234,
        "narHash": "sha256-uNRRNRKmJyCRC/8y1RqBkqWBLM034y4qN7EprSdmgyA=",
        "owner": "numtide",
        "repo": "flake-utils",
        "rev": "1ef2e671c3b0c19053962c07dbda38332dcebf26",
        "type": "github"
      },
      "original": {
        "owner": "numtide",
        "repo": "flake-utils",
        "type": "github"
      }
    },
    "flake-utils_7": {
      "inputs": {
        "systems": "systems_7"
      },
      "locked": {
        "lastModified": 1710146030,
        "narHash": "sha256-SZ5L6eA7HJ/nmkzGG7/ISclqe6oZdOZTNoesiInkXPQ=",
        "owner": "numtide",
        "repo": "flake-utils",
        "rev": "b1d9ab70662946ef0850d488da1c9019f3a9752a",
        "type": "github"
      },
      "original": {
        "owner": "numtide",
        "repo": "flake-utils",
        "type": "github"
      }
    },
    "flake-utils_8": {
      "inputs": {
        "systems": "systems_8"
      },
      "locked": {
        "lastModified": 1705309234,
        "narHash": "sha256-uNRRNRKmJyCRC/8y1RqBkqWBLM034y4qN7EprSdmgyA=",
        "owner": "numtide",
        "repo": "flake-utils",
        "rev": "1ef2e671c3b0c19053962c07dbda38332dcebf26",
        "type": "github"
      },
      "original": {
        "owner": "numtide",
        "repo": "flake-utils",
        "type": "github"
      }
    },
    "flake-utils_9": {
      "inputs": {
        "systems": "systems_9"
      },
      "locked": {
        "lastModified": 1705309234,
        "narHash": "sha256-uNRRNRKmJyCRC/8y1RqBkqWBLM034y4qN7EprSdmgyA=",
        "owner": "numtide",
        "repo": "flake-utils",
        "rev": "1ef2e671c3b0c19053962c07dbda38332dcebf26",
        "type": "github"
      },
      "original": {
        "owner": "numtide",
        "repo": "flake-utils",
        "type": "github"
      }
    },
    "ghostty": {
      "inputs": {
        "nixpkgs-stable": [
          "nixpkgs"
        ],
        "nixpkgs-unstable": [
          "nixpkgs"
        ],
        "zig": "zig"
      },
      "locked": {
        "lastModified": 1726954855,
        "narHash": "sha256-/hzDs/AeyW6AKJIe0hnV2gVPB0zqI3NI+up+kOknIow=",
        "ref": "refs/heads/main",
        "rev": "fb6cd7a8fae5fc85aa9949fbde67fffd170d9bff",
        "revCount": 7397,
        "type": "git",
        "url": "ssh://git@github.com/ghostty-org/ghostty"
      },
      "original": {
        "type": "git",
        "url": "ssh://git@github.com/ghostty-org/ghostty"
      }
    },
    "gitignore": {
      "inputs": {
        "nixpkgs": [
          "seto",
          "zls",
          "nixpkgs"
        ]
      },
      "locked": {
        "lastModified": 1709087332,
        "narHash": "sha256-HG2cCnktfHsKV0s4XW83gU3F57gaTljL9KNSuG6bnQs=",
        "owner": "hercules-ci",
        "repo": "gitignore.nix",
        "rev": "637db329424fd7e46cf4185293b9cc8c88c95394",
        "type": "github"
      },
      "original": {
        "owner": "hercules-ci",
        "repo": "gitignore.nix",
        "type": "github"
      }
    },
    "gitignore_2": {
      "inputs": {
        "nixpkgs": [
          "zls",
          "nixpkgs"
        ]
      },
      "locked": {
        "lastModified": 1709087332,
        "narHash": "sha256-HG2cCnktfHsKV0s4XW83gU3F57gaTljL9KNSuG6bnQs=",
        "owner": "hercules-ci",
        "repo": "gitignore.nix",
        "rev": "637db329424fd7e46cf4185293b9cc8c88c95394",
        "type": "github"
      },
      "original": {
        "owner": "hercules-ci",
        "repo": "gitignore.nix",
        "type": "github"
      }
    },
    "home-manager": {
      "inputs": {
        "nixpkgs": [
          "nixpkgs"
        ]
      },
      "locked": {
        "lastModified": 1726902823,
        "narHash": "sha256-Gkc7pwTVLKj4HSvRt8tXNvosl8RS9hrBAEhOjAE0Tt4=",
        "owner": "nix-community",
        "repo": "home-manager",
        "rev": "14929f7089268481d86b83ed31ffd88713dcd415",
        "type": "github"
      },
      "original": {
        "owner": "nix-community",
        "repo": "home-manager",
        "type": "github"
      }
    },
    "hyprcursor": {
      "inputs": {
        "hyprlang": [
          "hyprland",
          "hyprlang"
        ],
        "nixpkgs": [
          "hyprland",
          "nixpkgs"
        ],
        "systems": [
          "hyprland",
          "systems"
        ]
      },
      "locked": {
        "lastModified": 1722623071,
        "narHash": "sha256-sLADpVgebpCBFXkA1FlCXtvEPu1tdEsTfqK1hfeHySE=",
        "owner": "hyprwm",
        "repo": "hyprcursor",
        "rev": "912d56025f03d41b1ad29510c423757b4379eb1c",
        "type": "github"
      },
      "original": {
        "owner": "hyprwm",
        "repo": "hyprcursor",
        "type": "github"
      }
    },
    "hyprland": {
      "inputs": {
        "aquamarine": "aquamarine",
        "hyprcursor": "hyprcursor",
        "hyprlang": "hyprlang",
        "hyprutils": "hyprutils",
        "hyprwayland-scanner": "hyprwayland-scanner",
        "nixpkgs": "nixpkgs",
        "systems": "systems_3",
        "xdph": "xdph"
      },
      "locked": {
        "lastModified": 1726918033,
        "narHash": "sha256-I0U4OLssUlNd6/KXHwErmgmYZURTJYJNHbeoKaMH4iI=",
        "ref": "refs/heads/main",
        "rev": "8579066c7a1ceb745499ea4e11d5d420b1387ec0",
        "revCount": 5246,
        "submodules": true,
        "type": "git",
        "url": "https://github.com/hyprwm/Hyprland"
      },
      "original": {
        "submodules": true,
        "type": "git",
        "url": "https://github.com/hyprwm/Hyprland"
      }
    },
    "hyprland-protocols": {
      "inputs": {
        "nixpkgs": [
          "hyprland",
          "xdph",
          "nixpkgs"
        ],
        "systems": [
          "hyprland",
          "xdph",
          "systems"
        ]
      },
      "locked": {
        "lastModified": 1721326555,
        "narHash": "sha256-zCu4R0CSHEactW9JqYki26gy8h9f6rHmSwj4XJmlHgg=",
        "owner": "hyprwm",
        "repo": "hyprland-protocols",
        "rev": "5a11232266bf1a1f5952d5b179c3f4b2facaaa84",
        "type": "github"
      },
      "original": {
        "owner": "hyprwm",
        "repo": "hyprland-protocols",
        "type": "github"
      }
    },
    "hyprlang": {
      "inputs": {
        "hyprutils": [
          "hyprland",
          "hyprutils"
        ],
        "nixpkgs": [
          "hyprland",
          "nixpkgs"
        ],
        "systems": [
          "hyprland",
          "systems"
        ]
      },
      "locked": {
        "lastModified": 1725997860,
        "narHash": "sha256-d/rZ/fHR5l1n7PeyLw0StWMNLXVU9c4HFyfskw568so=",
        "owner": "hyprwm",
        "repo": "hyprlang",
        "rev": "dfeb5811dd6485490cce18d6cc1e38a055eea876",
        "type": "github"
      },
      "original": {
        "owner": "hyprwm",
        "repo": "hyprlang",
        "type": "github"
      }
    },
    "hyprutils": {
      "inputs": {
        "nixpkgs": [
          "hyprland",
          "nixpkgs"
        ],
        "systems": [
          "hyprland",
          "systems"
        ]
      },
      "locked": {
        "lastModified": 1726874949,
        "narHash": "sha256-PNnIpwGqpTvMU3N2r0wMQwK1E+t4Bb5fbJwblQvr+80=",
        "owner": "hyprwm",
        "repo": "hyprutils",
        "rev": "d97af4f6bd068c03a518b597675e598f57ea2291",
        "type": "github"
      },
      "original": {
        "owner": "hyprwm",
        "repo": "hyprutils",
        "type": "github"
      }
    },
    "hyprwayland-scanner": {
      "inputs": {
        "nixpkgs": [
          "hyprland",
          "nixpkgs"
        ],
        "systems": [
          "hyprland",
          "systems"
        ]
      },
      "locked": {
        "lastModified": 1726840673,
        "narHash": "sha256-HIPEXyRRVZoqD6U+lFS1B0tsIU7p83FaB9m7KT/x6mQ=",
        "owner": "hyprwm",
        "repo": "hyprwayland-scanner",
        "rev": "b68dab23fc922eae99306988133ee80a40b39ca5",
        "type": "github"
      },
      "original": {
        "owner": "hyprwm",
        "repo": "hyprwayland-scanner",
        "type": "github"
      }
    },
    "langref": {
      "flake": false,
      "locked": {
        "narHash": "sha256-O6p2tiKD8ZMhSX+DeA/o5hhAvcPkU2J9lFys/r11peY=",
        "type": "file",
        "url": "https://raw.githubusercontent.com/ziglang/zig/0fb2015fd3422fc1df364995f9782dfe7255eccd/doc/langref.html.in"
      },
      "original": {
        "type": "file",
        "url": "https://raw.githubusercontent.com/ziglang/zig/0fb2015fd3422fc1df364995f9782dfe7255eccd/doc/langref.html.in"
      }
    },
    "nix-minecraft": {
      "inputs": {
        "flake-compat": "flake-compat",
        "flake-utils": "flake-utils_4",
        "nixpkgs": "nixpkgs_2"
      },
      "locked": {
        "lastModified": 1726796580,
        "narHash": "sha256-IerPdcNQSzEQ14xCKnjoAtrulwWmDXy+6NLvyOPbw4o=",
        "owner": "Infinidoge",
        "repo": "nix-minecraft",
        "rev": "8c470536da0d4ca1cba92cfee7989a99d9a2b4eb",
        "type": "github"
      },
      "original": {
        "owner": "Infinidoge",
        "repo": "nix-minecraft",
        "type": "github"
      }
    },
    "nixpkgs": {
      "locked": {
        "lastModified": 1726755586,
        "narHash": "sha256-PmUr/2GQGvFTIJ6/Tvsins7Q43KTMvMFhvG6oaYK+Wk=",
        "owner": "NixOS",
        "repo": "nixpkgs",
        "rev": "c04d5652cfa9742b1d519688f65d1bbccea9eb7e",
        "type": "github"
      },
      "original": {
        "owner": "NixOS",
        "ref": "nixos-unstable",
        "repo": "nixpkgs",
        "type": "github"
      }
    },
    "nixpkgs-stable": {
      "locked": {
        "lastModified": 1725762081,
        "narHash": "sha256-vNv+aJUW5/YurRy1ocfvs4q/48yVESwlC/yHzjkZSP8=",
        "owner": "NixOS",
        "repo": "nixpkgs",
        "rev": "dc454045f5b5d814e5862a6d057e7bb5c29edc05",
        "type": "github"
      },
      "original": {
        "owner": "NixOS",
        "ref": "release-24.05",
        "repo": "nixpkgs",
        "type": "github"
      }
    },
    "nixpkgs_2": {
      "locked": {
        "lastModified": 1715266358,
        "narHash": "sha256-doPgfj+7FFe9rfzWo1siAV2mVCasW+Bh8I1cToAXEE4=",
        "owner": "nixos",
        "repo": "nixpkgs",
        "rev": "f1010e0469db743d14519a1efd37e23f8513d714",
        "type": "github"
      },
      "original": {
        "owner": "nixos",
        "ref": "nixos-unstable",
        "repo": "nixpkgs",
        "type": "github"
      }
    },
    "nixpkgs_3": {
      "locked": {
        "lastModified": 1726755586,
        "narHash": "sha256-PmUr/2GQGvFTIJ6/Tvsins7Q43KTMvMFhvG6oaYK+Wk=",
        "owner": "NixOS",
        "repo": "nixpkgs",
        "rev": "c04d5652cfa9742b1d519688f65d1bbccea9eb7e",
        "type": "github"
      },
      "original": {
        "owner": "NixOS",
        "ref": "nixos-unstable",
        "repo": "nixpkgs",
        "type": "github"
      }
    },
    "nixpkgs_4": {
      "locked": {
        "lastModified": 1718318537,
        "narHash": "sha256-4Zu0RYRcAY/VWuu6awwq4opuiD//ahpc2aFHg2CWqFY=",
        "owner": "NixOS",
        "repo": "nixpkgs",
        "rev": "e9ee548d90ff586a6471b4ae80ae9cfcbceb3420",
        "type": "github"
      },
      "original": {
        "owner": "NixOS",
        "ref": "nixos-unstable",
        "repo": "nixpkgs",
        "type": "github"
      }
    },
    "nixpkgs_5": {
      "locked": {
        "lastModified": 1722813957,
        "narHash": "sha256-IAoYyYnED7P8zrBFMnmp7ydaJfwTnwcnqxUElC1I26Y=",
        "owner": "NixOS",
        "repo": "nixpkgs",
        "rev": "cb9a96f23c491c081b38eab96d22fa958043c9fa",
        "type": "github"
      },
      "original": {
        "owner": "NixOS",
        "ref": "nixos-unstable",
        "repo": "nixpkgs",
        "type": "github"
      }
    },
    "nixpkgs_6": {
      "locked": {
        "lastModified": 1722372011,
        "narHash": "sha256-B2xRiC3NEJy/82ugtareBkRqEkPGpMyjaLxaR8LBxNs=",
        "owner": "NixOS",
        "repo": "nixpkgs",
        "rev": "cf05eeada35e122770c5c14add958790fcfcbef5",
        "type": "github"
      },
      "original": {
        "owner": "NixOS",
        "ref": "nixos-24.05",
        "repo": "nixpkgs",
        "type": "github"
      }
    },
    "nixpkgs_7": {
      "locked": {
        "lastModified": 1717786204,
        "narHash": "sha256-4q0s6m0GUcN7q+Y2DqD27iLvbcd1G50T2lv08kKxkSI=",
        "owner": "NixOS",
        "repo": "nixpkgs",
        "rev": "051f920625ab5aabe37c920346e3e69d7d34400e",
        "type": "github"
      },
      "original": {
        "owner": "NixOS",
        "ref": "nixos-unstable",
        "repo": "nixpkgs",
        "type": "github"
      }
    },
    "nixpkgs_8": {
      "locked": {
        "lastModified": 1708161998,
        "narHash": "sha256-6KnemmUorCvlcAvGziFosAVkrlWZGIc6UNT9GUYr0jQ=",
        "owner": "NixOS",
        "repo": "nixpkgs",
        "rev": "84d981bae8b5e783b3b548de505b22880559515f",
        "type": "github"
      },
      "original": {
        "owner": "NixOS",
        "ref": "nixos-23.11",
        "repo": "nixpkgs",
        "type": "github"
      }
    },
    "nixpkgs_9": {
      "locked": {
        "lastModified": 1726320982,
        "narHash": "sha256-RuVXUwcYwaUeks6h3OLrEmg14z9aFXdWppTWPMTwdQw=",
        "owner": "NixOS",
        "repo": "nixpkgs",
        "rev": "8f7492cce28977fbf8bd12c72af08b1f6c7c3e49",
        "type": "github"
      },
      "original": {
        "owner": "NixOS",
        "ref": "nixos-24.05",
        "repo": "nixpkgs",
        "type": "github"
      }
    },
    "root": {
      "inputs": {
        "disko": "disko",
        "firefox-addons": "firefox-addons",
        "flake-utils": "flake-utils_2",
        "ghostty": "ghostty",
        "home-manager": "home-manager",
        "hyprland": "hyprland",
        "nix-minecraft": "nix-minecraft",
        "nixpkgs": "nixpkgs_3",
        "ruin": "ruin",
        "seto": "seto",
        "sops-nix": "sops-nix",
        "waystatus": "waystatus",
        "zig": "zig_3",
        "zls": "zls_2"
      }
    },
    "ruin": {
      "inputs": {
        "nixpkgs": "nixpkgs_4"
      },
      "locked": {
        "lastModified": 1722332668,
        "narHash": "sha256-u7efafUFTbGZu+5Eoxza2If/PLiEsNfchCJ3JWeaefg=",
        "ref": "refs/heads/main",
        "rev": "cc09b0b0d870d951b956dd80daf3a3e6d15d3c31",
        "revCount": 72,
        "submodules": true,
        "type": "git",
        "url": "https://github.com/unixpariah/ruin"
      },
      "original": {
        "submodules": true,
        "type": "git",
        "url": "https://github.com/unixpariah/ruin"
      }
    },
    "seto": {
      "inputs": {
        "flake-utils": "flake-utils_5",
        "nixpkgs": "nixpkgs_5",
        "zig": "zig_2",
        "zls": "zls"
      },
      "locked": {
        "lastModified": 1726927279,
        "narHash": "sha256-RvHB3Y/S0isCUypWKhWUjCeQVF96TNTJbEdkyscjNr0=",
        "owner": "unixpariah",
        "repo": "seto",
        "rev": "8af5c98726bd1892a7ba389e079a917f775591cd",
        "type": "github"
      },
      "original": {
        "owner": "unixpariah",
        "repo": "seto",
        "type": "github"
      }
    },
    "sops-nix": {
      "inputs": {
        "nixpkgs": [
          "nixpkgs"
        ],
        "nixpkgs-stable": "nixpkgs-stable"
      },
      "locked": {
        "lastModified": 1726524647,
        "narHash": "sha256-qis6BtOOBBEAfUl7FMHqqTwRLB61OL5OFzIsOmRz2J4=",
        "owner": "Mic92",
        "repo": "sops-nix",
        "rev": "e2d404a7ea599a013189aa42947f66cede0645c8",
        "type": "github"
      },
      "original": {
        "owner": "Mic92",
        "repo": "sops-nix",
        "type": "github"
      }
    },
    "systems": {
      "locked": {
        "lastModified": 1681028828,
        "narHash": "sha256-Vy1rq5AaRuLzOxct8nz4T6wlgyUR7zLU309k9mBC768=",
        "owner": "nix-systems",
        "repo": "default",
        "rev": "da67096a3b9bf56a91d16901293e51ba5b49a27e",
        "type": "github"
      },
      "original": {
        "owner": "nix-systems",
        "repo": "default",
        "type": "github"
      }
    },
    "systems_10": {
      "locked": {
        "lastModified": 1681028828,
        "narHash": "sha256-Vy1rq5AaRuLzOxct8nz4T6wlgyUR7zLU309k9mBC768=",
        "owner": "nix-systems",
        "repo": "default",
        "rev": "da67096a3b9bf56a91d16901293e51ba5b49a27e",
        "type": "github"
      },
      "original": {
        "owner": "nix-systems",
        "repo": "default",
        "type": "github"
      }
    },
    "systems_11": {
      "locked": {
        "lastModified": 1681028828,
        "narHash": "sha256-Vy1rq5AaRuLzOxct8nz4T6wlgyUR7zLU309k9mBC768=",
        "owner": "nix-systems",
        "repo": "default",
        "rev": "da67096a3b9bf56a91d16901293e51ba5b49a27e",
        "type": "github"
      },
      "original": {
        "owner": "nix-systems",
        "repo": "default",
        "type": "github"
      }
    },
    "systems_2": {
      "locked": {
        "lastModified": 1681028828,
        "narHash": "sha256-Vy1rq5AaRuLzOxct8nz4T6wlgyUR7zLU309k9mBC768=",
        "owner": "nix-systems",
        "repo": "default",
        "rev": "da67096a3b9bf56a91d16901293e51ba5b49a27e",
        "type": "github"
      },
      "original": {
        "owner": "nix-systems",
        "repo": "default",
        "type": "github"
      }
    },
    "systems_3": {
      "locked": {
        "lastModified": 1689347949,
        "narHash": "sha256-12tWmuL2zgBgZkdoB6qXZsgJEH9LR3oUgpaQq2RbI80=",
        "owner": "nix-systems",
        "repo": "default-linux",
        "rev": "31732fcf5e8fea42e59c2488ad31a0e651500f68",
        "type": "github"
      },
      "original": {
        "owner": "nix-systems",
        "repo": "default-linux",
        "type": "github"
      }
    },
    "systems_4": {
      "locked": {
        "lastModified": 1681028828,
        "narHash": "sha256-Vy1rq5AaRuLzOxct8nz4T6wlgyUR7zLU309k9mBC768=",
        "owner": "nix-systems",
        "repo": "default",
        "rev": "da67096a3b9bf56a91d16901293e51ba5b49a27e",
        "type": "github"
      },
      "original": {
        "owner": "nix-systems",
        "repo": "default",
        "type": "github"
      }
    },
    "systems_5": {
      "locked": {
        "lastModified": 1681028828,
        "narHash": "sha256-Vy1rq5AaRuLzOxct8nz4T6wlgyUR7zLU309k9mBC768=",
        "owner": "nix-systems",
        "repo": "default",
        "rev": "da67096a3b9bf56a91d16901293e51ba5b49a27e",
        "type": "github"
      },
      "original": {
        "owner": "nix-systems",
        "repo": "default",
        "type": "github"
      }
    },
    "systems_6": {
      "locked": {
        "lastModified": 1681028828,
        "narHash": "sha256-Vy1rq5AaRuLzOxct8nz4T6wlgyUR7zLU309k9mBC768=",
        "owner": "nix-systems",
        "repo": "default",
        "rev": "da67096a3b9bf56a91d16901293e51ba5b49a27e",
        "type": "github"
      },
      "original": {
        "owner": "nix-systems",
        "repo": "default",
        "type": "github"
      }
    },
    "systems_7": {
      "locked": {
        "lastModified": 1681028828,
        "narHash": "sha256-Vy1rq5AaRuLzOxct8nz4T6wlgyUR7zLU309k9mBC768=",
        "owner": "nix-systems",
        "repo": "default",
        "rev": "da67096a3b9bf56a91d16901293e51ba5b49a27e",
        "type": "github"
      },
      "original": {
        "owner": "nix-systems",
        "repo": "default",
        "type": "github"
      }
    },
    "systems_8": {
      "locked": {
        "lastModified": 1681028828,
        "narHash": "sha256-Vy1rq5AaRuLzOxct8nz4T6wlgyUR7zLU309k9mBC768=",
        "owner": "nix-systems",
        "repo": "default",
        "rev": "da67096a3b9bf56a91d16901293e51ba5b49a27e",
        "type": "github"
      },
      "original": {
        "owner": "nix-systems",
        "repo": "default",
        "type": "github"
      }
    },
    "systems_9": {
      "locked": {
        "lastModified": 1681028828,
        "narHash": "sha256-Vy1rq5AaRuLzOxct8nz4T6wlgyUR7zLU309k9mBC768=",
        "owner": "nix-systems",
        "repo": "default",
        "rev": "da67096a3b9bf56a91d16901293e51ba5b49a27e",
        "type": "github"
      },
      "original": {
        "owner": "nix-systems",
        "repo": "default",
        "type": "github"
      }
    },
    "waystatus": {
      "inputs": {
        "nixpkgs": "nixpkgs_7"
      },
      "locked": {
        "lastModified": 1718699624,
        "narHash": "sha256-6/VryfxomP8oDLHq73hJiWFyCrEAiUUv4ekOau814JY=",
        "ref": "refs/heads/main",
        "rev": "1ecc3330c6219a43787bd239c4f0042888d5a1f6",
        "revCount": 140,
        "submodules": true,
        "type": "git",
        "url": "https://github.com/unixpariah/waystatus"
      },
      "original": {
        "submodules": true,
        "type": "git",
        "url": "https://github.com/unixpariah/waystatus"
      }
    },
    "xdph": {
      "inputs": {
        "hyprland-protocols": "hyprland-protocols",
        "hyprlang": [
          "hyprland",
          "hyprlang"
        ],
        "hyprutils": [
          "hyprland",
          "hyprutils"
        ],
        "hyprwayland-scanner": [
          "hyprland",
          "hyprwayland-scanner"
        ],
        "nixpkgs": [
          "hyprland",
          "nixpkgs"
        ],
        "systems": [
          "hyprland",
          "systems"
        ]
      },
      "locked": {
        "lastModified": 1726851729,
        "narHash": "sha256-1z0esr5lBeUMlrPZ9gZmqZT8oTQekxJi53HAW4cH0Ms=",
        "owner": "hyprwm",
        "repo": "xdg-desktop-portal-hyprland",
        "rev": "73b8c4f1150040644cf678aa8bbf2cec48a433cf",
        "type": "github"
      },
      "original": {
        "owner": "hyprwm",
        "repo": "xdg-desktop-portal-hyprland",
        "type": "github"
      }
    },
    "zig": {
      "inputs": {
        "flake-compat": [
          "ghostty"
        ],
        "flake-utils": "flake-utils_3",
        "nixpkgs": [
          "ghostty",
          "nixpkgs-stable"
        ]
      },
      "locked": {
        "lastModified": 1717848532,
        "narHash": "sha256-d+xIUvSTreHl8pAmU1fnmkfDTGQYCn2Rb/zOwByxS2M=",
        "owner": "mitchellh",
        "repo": "zig-overlay",
        "rev": "02fc5cc555fc14fda40c42d7c3250efa43812b43",
        "type": "github"
      },
      "original": {
        "owner": "mitchellh",
        "repo": "zig-overlay",
        "type": "github"
      }
    },
    "zig-overlay": {
      "inputs": {
        "flake-compat": "flake-compat_3",
        "flake-utils": "flake-utils_8",
        "nixpkgs": [
          "seto",
          "zls",
          "nixpkgs"
        ]
      },
      "locked": {
        "lastModified": 1722600600,
        "narHash": "sha256-bRpvmyAvt4OFbQJlmAURyW1To8nlRjNcQJdbOyI1MLE=",
        "owner": "mitchellh",
        "repo": "zig-overlay",
        "rev": "4c95bb8378ca31cc06eba0a9ee0c04851221c193",
        "type": "github"
      },
      "original": {
        "owner": "mitchellh",
        "repo": "zig-overlay",
        "type": "github"
      }
    },
    "zig-overlay_2": {
      "inputs": {
        "flake-compat": "flake-compat_5",
        "flake-utils": "flake-utils_11",
        "nixpkgs": [
          "zls",
          "nixpkgs"
        ]
      },
      "locked": {
        "lastModified": 1726402199,
        "narHash": "sha256-Q1NZ72dNZivH7KFkzW3wN1AHdAier+Xido+7XDzc++I=",
        "owner": "mitchellh",
        "repo": "zig-overlay",
        "rev": "ca646ec2a1eebe15b2b6bd33811de6f12aa576c4",
        "type": "github"
      },
      "original": {
        "owner": "mitchellh",
        "repo": "zig-overlay",
        "type": "github"
      }
    },
    "zig_2": {
      "inputs": {
        "flake-compat": "flake-compat_2",
        "flake-utils": "flake-utils_6",
        "nixpkgs": [
          "seto",
          "nixpkgs"
        ]
      },
      "locked": {
        "lastModified": 1723032653,
        "narHash": "sha256-KZi8v1g5bP+pw/So7Wx9+24KnZLuxVf/4dD8QPh58dE=",
        "owner": "mitchellh",
        "repo": "zig-overlay",
        "rev": "51099e8d5b5c1b272124d3914bbbc5979f4c96a0",
        "type": "github"
      },
      "original": {
        "owner": "mitchellh",
        "repo": "zig-overlay",
        "type": "github"
      }
    },
    "zig_3": {
      "inputs": {
        "flake-compat": "flake-compat_4",
        "flake-utils": "flake-utils_9",
        "nixpkgs": "nixpkgs_8"
      },
      "locked": {
        "lastModified": 1726878449,
        "narHash": "sha256-gchxeelL+IdgL/LoEsg3FnO4Dv5z+lmRVHqIE3tq6NA=",
        "owner": "mitchellh",
        "repo": "zig-overlay",
        "rev": "2419eb9f968f451e2c342a69ec44112de5aa36b9",
        "type": "github"
      },
      "original": {
        "owner": "mitchellh",
        "repo": "zig-overlay",
        "type": "github"
      }
    },
    "zls": {
      "inputs": {
        "flake-utils": "flake-utils_7",
        "gitignore": "gitignore",
        "langref": "langref",
        "nixpkgs": "nixpkgs_6",
        "zig-overlay": "zig-overlay"
      },
      "locked": {
        "lastModified": 1722987529,
        "narHash": "sha256-r7tnq70psZQXfLlDj+XzidBj352vfQFrICC7hfKHw7M=",
        "owner": "zigtools",
        "repo": "zls",
        "rev": "d8084a342f40b444addf772fdef36a589299ebe6",
        "type": "github"
      },
      "original": {
        "owner": "zigtools",
        "repo": "zls",
        "type": "github"
      }
    },
    "zls_2": {
      "inputs": {
        "flake-utils": "flake-utils_10",
        "gitignore": "gitignore_2",
        "nixpkgs": "nixpkgs_9",
        "zig-overlay": "zig-overlay_2"
      },
      "locked": {
        "lastModified": 1726791560,
        "narHash": "sha256-0SDGQeb/onI7zVdNOdUhTJ2r4EmSJQJV2bjyXENBgws=",
        "owner": "zigtools",
        "repo": "zls",
        "rev": "2b613d32696676bcbc257e31542a1dcbfa7f22a8",
        "type": "github"
      },
      "original": {
        "owner": "zigtools",
        "repo": "zls",
        "type": "github"
      }
    }
  },
  "root": "root",
  "version": 7
}
